{
    "_readme": [
        "This file locks the dependencies of your project to a known state",
        "Read more about it at https://getcomposer.org/doc/01-basic-usage.md#installing-dependencies",
        "This file is @generated automatically"
    ],
    "content-hash": "7625b4ff7dead5ad8c1eb76dbfc39f4a",
    "packages": [
        {
            "name": "genkgo/camt",
            "version": "2.3.0",
            "source": {
                "type": "git",
                "url": "https://github.com/genkgo/camt.git",
                "reference": "946257f5535e49d885fcc868861bc4ffbd777179"
            },
            "dist": {
                "type": "zip",
                "url": "https://api.github.com/repos/genkgo/camt/zipball/946257f5535e49d885fcc868861bc4ffbd777179",
                "reference": "946257f5535e49d885fcc868861bc4ffbd777179",
                "shasum": ""
            },
            "require": {
                "ext-dom": "*",
                "ext-libxml": "*",
                "ext-simplexml": "*",
                "jschaedl/iban-validation": "^1.7",
                "moneyphp/money": "^3.3 || ^4.0",
                "php": "^7.4 || ^8.0"
            },
            "require-dev": {
                "friendsofphp/php-cs-fixer": "@stable",
                "phpspec/prophecy-phpunit": "@stable",
                "phpstan/phpstan": "@stable",
                "phpunit/phpunit": "@stable"
            },
            "type": "library",
            "autoload": {
                "psr-4": {
                    "Genkgo\\Camt\\": [
                        "src"
                    ]
                }
            },
            "notification-url": "https://packagist.org/downloads/",
            "license": [
                "MIT"
            ],
            "description": "Library to read CAMT files (XML containing bank statements).",
            "support": {
                "issues": "https://github.com/genkgo/camt/issues",
                "source": "https://github.com/genkgo/camt/tree/2.3.0"
            },
            "time": "2022-01-10T16:12:29+00:00"
        },
        {
            "name": "jschaedl/iban-validation",
            "version": "v1.8.1",
            "source": {
                "type": "git",
                "url": "https://github.com/jschaedl/iban-validation.git",
                "reference": "26637bb6cdc6ebff5793da72039a7110bcffa507"
            },
            "dist": {
                "type": "zip",
                "url": "https://api.github.com/repos/jschaedl/iban-validation/zipball/26637bb6cdc6ebff5793da72039a7110bcffa507",
                "reference": "26637bb6cdc6ebff5793da72039a7110bcffa507",
                "shasum": ""
            },
            "require": {
                "php": ">=7.1.3",
                "symfony/options-resolver": "^3.4|^4.4.11|^5.1|^6.0",
                "symfony/yaml": "^3.4|^4.4.11|^5.1|^6.0"
            },
            "require-dev": {
                "phpunit/phpunit": "^7|^8|^9"
            },
            "suggest": {
                "ext-bcmath": "This library makes use of bcmod function, so an installed bcmath extension is recommended."
            },
            "type": "library",
            "extra": {
                "branch-alias": {
                    "dev-master": "1.x-dev"
                }
            },
            "autoload": {
                "psr-4": {
                    "Iban\\Validation\\": "src"
                }
            },
            "notification-url": "https://packagist.org/downloads/",
            "license": [
                "MIT"
            ],
            "authors": [
                {
                    "name": "Jan Schaedlich",
                    "email": "mail@janschaedlich.com",
                    "homepage": "https://www.linkedin.com/in/janschaedlich"
                }
            ],
            "description": "A small library for validating International BankAccount Numbers (IBANs).",
            "homepage": "https://github.com/jschaedl/iban-validation",
            "keywords": [
                "IBAN",
                "validation"
            ],
            "support": {
                "issues": "https://github.com/jschaedl/iban-validation/issues",
                "source": "https://github.com/jschaedl/iban-validation/tree/v1.8.1"
            },
            "time": "2021-12-08T12:57:30+00:00"
        },
        {
            "name": "moneyphp/money",
            "version": "v4.0.3",
            "source": {
                "type": "git",
                "url": "https://github.com/moneyphp/money.git",
                "reference": "d945f775bd6ab0920d9d205813d8831a899a8844"
            },
            "dist": {
                "type": "zip",
                "url": "https://api.github.com/repos/moneyphp/money/zipball/d945f775bd6ab0920d9d205813d8831a899a8844",
                "reference": "d945f775bd6ab0920d9d205813d8831a899a8844",
                "shasum": ""
            },
            "require": {
                "ext-bcmath": "*",
                "ext-filter": "*",
                "ext-json": "*",
                "php": "^8.0"
            },
            "require-dev": {
                "cache/taggable-cache": "^1.1.0",
                "doctrine/coding-standard": "^9.0",
                "doctrine/instantiator": "^1.4.0",
                "ext-gmp": "*",
                "ext-intl": "*",
                "florianv/exchanger": "^2.6.3",
                "florianv/swap": "^4.3.0",
                "moneyphp/iso-currencies": "^3.2.1",
                "php-http/message": "^1.11.0",
                "php-http/mock-client": "^1.4.1",
                "phpbench/phpbench": "1.0.0-beta1@BETA",
                "phpspec/phpspec": "^7.0.1",
                "phpunit/phpunit": "^9.5.4",
                "psalm/plugin-phpunit": "^0.15.1",
                "psr/cache": "^1.0.1",
                "roave/infection-static-analysis-plugin": "^1.7",
                "vimeo/psalm": "~4.7.0 || ^4.8.2"
            },
            "suggest": {
                "ext-gmp": "Calculate without integer limits",
                "ext-intl": "Format Money objects with intl",
                "florianv/exchanger": "Exchange rates library for PHP",
                "florianv/swap": "Exchange rates library for PHP",
                "psr/cache-implementation": "Used for Currency caching"
            },
            "type": "library",
            "extra": {
                "branch-alias": {
                    "dev-master": "3.x-dev"
                }
            },
            "autoload": {
                "psr-4": {
                    "Money\\": "src/"
                }
            },
            "notification-url": "https://packagist.org/downloads/",
            "license": [
                "MIT"
            ],
            "authors": [
                {
                    "name": "Mathias Verraes",
                    "email": "mathias@verraes.net",
                    "homepage": "http://verraes.net"
                },
                {
                    "name": "Márk Sági-Kazár",
                    "email": "mark.sagikazar@gmail.com"
                },
                {
                    "name": "Frederik Bosch",
                    "email": "f.bosch@genkgo.nl"
                }
            ],
            "description": "PHP implementation of Fowler's Money pattern",
            "homepage": "http://moneyphp.org",
            "keywords": [
                "Value Object",
                "money",
                "vo"
            ],
            "support": {
                "issues": "https://github.com/moneyphp/money/issues",
                "source": "https://github.com/moneyphp/money/tree/v4.0.3"
            },
            "time": "2021-12-01T10:39:00+00:00"
        },
        {
            "name": "symfony/deprecation-contracts",
            "version": "v3.0.0",
            "source": {
                "type": "git",
                "url": "https://github.com/symfony/deprecation-contracts.git",
                "reference": "c726b64c1ccfe2896cb7df2e1331c357ad1c8ced"
            },
            "dist": {
                "type": "zip",
                "url": "https://api.github.com/repos/symfony/deprecation-contracts/zipball/c726b64c1ccfe2896cb7df2e1331c357ad1c8ced",
                "reference": "c726b64c1ccfe2896cb7df2e1331c357ad1c8ced",
                "shasum": ""
            },
            "require": {
                "php": ">=8.0.2"
            },
            "type": "library",
            "extra": {
                "branch-alias": {
                    "dev-main": "3.0-dev"
                },
                "thanks": {
                    "name": "symfony/contracts",
                    "url": "https://github.com/symfony/contracts"
                }
            },
            "autoload": {
                "files": [
                    "function.php"
                ]
            },
            "notification-url": "https://packagist.org/downloads/",
            "license": [
                "MIT"
            ],
            "authors": [
                {
                    "name": "Nicolas Grekas",
                    "email": "p@tchwork.com"
                },
                {
                    "name": "Symfony Community",
                    "homepage": "https://symfony.com/contributors"
                }
            ],
            "description": "A generic function and convention to trigger deprecation notices",
            "homepage": "https://symfony.com",
            "support": {
                "source": "https://github.com/symfony/deprecation-contracts/tree/v3.0.0"
            },
            "funding": [
                {
                    "url": "https://symfony.com/sponsor",
                    "type": "custom"
                },
                {
                    "url": "https://github.com/fabpot",
                    "type": "github"
                },
                {
                    "url": "https://tidelift.com/funding/github/packagist/symfony/symfony",
                    "type": "tidelift"
                }
            ],
            "time": "2021-11-01T23:48:49+00:00"
        },
        {
            "name": "symfony/options-resolver",
            "version": "v6.0.3",
            "source": {
                "type": "git",
                "url": "https://github.com/symfony/options-resolver.git",
                "reference": "51f7006670febe4cbcbae177cbffe93ff833250d"
            },
            "dist": {
                "type": "zip",
                "url": "https://api.github.com/repos/symfony/options-resolver/zipball/51f7006670febe4cbcbae177cbffe93ff833250d",
                "reference": "51f7006670febe4cbcbae177cbffe93ff833250d",
                "shasum": ""
            },
            "require": {
                "php": ">=8.0.2",
                "symfony/deprecation-contracts": "^2.1|^3"
            },
            "type": "library",
            "autoload": {
                "psr-4": {
                    "Symfony\\Component\\OptionsResolver\\": ""
                },
                "exclude-from-classmap": [
                    "/Tests/"
                ]
            },
            "notification-url": "https://packagist.org/downloads/",
            "license": [
                "MIT"
            ],
            "authors": [
                {
                    "name": "Fabien Potencier",
                    "email": "fabien@symfony.com"
                },
                {
                    "name": "Symfony Community",
                    "homepage": "https://symfony.com/contributors"
                }
            ],
            "description": "Provides an improved replacement for the array_replace PHP function",
            "homepage": "https://symfony.com",
            "keywords": [
                "config",
                "configuration",
                "options"
            ],
            "support": {
                "source": "https://github.com/symfony/options-resolver/tree/v6.0.3"
            },
            "funding": [
                {
                    "url": "https://symfony.com/sponsor",
                    "type": "custom"
                },
                {
                    "url": "https://github.com/fabpot",
                    "type": "github"
                },
                {
                    "url": "https://tidelift.com/funding/github/packagist/symfony/symfony",
                    "type": "tidelift"
                }
            ],
            "time": "2022-01-02T09:55:41+00:00"
        },
        {
            "name": "symfony/polyfill-ctype",
            "version": "v1.24.0",
            "source": {
                "type": "git",
                "url": "https://github.com/symfony/polyfill-ctype.git",
                "reference": "30885182c981ab175d4d034db0f6f469898070ab"
            },
            "dist": {
                "type": "zip",
                "url": "https://api.github.com/repos/symfony/polyfill-ctype/zipball/30885182c981ab175d4d034db0f6f469898070ab",
                "reference": "30885182c981ab175d4d034db0f6f469898070ab",
                "shasum": ""
            },
            "require": {
                "php": ">=7.1"
            },
            "provide": {
                "ext-ctype": "*"
            },
            "suggest": {
                "ext-ctype": "For best performance"
            },
            "type": "library",
            "extra": {
                "branch-alias": {
                    "dev-main": "1.23-dev"
                },
                "thanks": {
                    "name": "symfony/polyfill",
                    "url": "https://github.com/symfony/polyfill"
                }
            },
            "autoload": {
                "psr-4": {
                    "Symfony\\Polyfill\\Ctype\\": ""
                },
                "files": [
                    "bootstrap.php"
                ]
            },
            "notification-url": "https://packagist.org/downloads/",
            "license": [
                "MIT"
            ],
            "authors": [
                {
                    "name": "Gert de Pagter",
                    "email": "BackEndTea@gmail.com"
                },
                {
                    "name": "Symfony Community",
                    "homepage": "https://symfony.com/contributors"
                }
            ],
            "description": "Symfony polyfill for ctype functions",
            "homepage": "https://symfony.com",
            "keywords": [
                "compatibility",
                "ctype",
                "polyfill",
                "portable"
            ],
            "support": {
                "source": "https://github.com/symfony/polyfill-ctype/tree/v1.24.0"
            },
            "funding": [
                {
                    "url": "https://symfony.com/sponsor",
                    "type": "custom"
                },
                {
                    "url": "https://github.com/fabpot",
                    "type": "github"
                },
                {
                    "url": "https://tidelift.com/funding/github/packagist/symfony/symfony",
                    "type": "tidelift"
                }
            ],
            "time": "2021-10-20T20:35:02+00:00"
        },
        {
            "name": "symfony/yaml",
            "version": "v6.0.3",
            "source": {
                "type": "git",
                "url": "https://github.com/symfony/yaml.git",
                "reference": "e77f3ea0b21141d771d4a5655faa54f692b34af5"
            },
            "dist": {
                "type": "zip",
                "url": "https://api.github.com/repos/symfony/yaml/zipball/e77f3ea0b21141d771d4a5655faa54f692b34af5",
                "reference": "e77f3ea0b21141d771d4a5655faa54f692b34af5",
                "shasum": ""
            },
            "require": {
                "php": ">=8.0.2",
                "symfony/polyfill-ctype": "^1.8"
            },
            "conflict": {
                "symfony/console": "<5.4"
            },
            "require-dev": {
                "symfony/console": "^5.4|^6.0"
            },
            "suggest": {
                "symfony/console": "For validating YAML files using the lint command"
            },
            "bin": [
                "Resources/bin/yaml-lint"
            ],
            "type": "library",
            "autoload": {
                "psr-4": {
                    "Symfony\\Component\\Yaml\\": ""
                },
                "exclude-from-classmap": [
                    "/Tests/"
                ]
            },
            "notification-url": "https://packagist.org/downloads/",
            "license": [
                "MIT"
            ],
            "authors": [
                {
                    "name": "Fabien Potencier",
                    "email": "fabien@symfony.com"
                },
                {
                    "name": "Symfony Community",
                    "homepage": "https://symfony.com/contributors"
                }
            ],
            "description": "Loads and dumps YAML files",
            "homepage": "https://symfony.com",
            "support": {
                "source": "https://github.com/symfony/yaml/tree/v6.0.3"
            },
            "funding": [
                {
                    "url": "https://symfony.com/sponsor",
                    "type": "custom"
                },
                {
                    "url": "https://github.com/fabpot",
                    "type": "github"
                },
                {
                    "url": "https://tidelift.com/funding/github/packagist/symfony/symfony",
                    "type": "tidelift"
                }
            ],
            "time": "2022-01-26T17:23:29+00:00"
        }
    ],
    "packages-dev": [],
    "aliases": [],
    "minimum-stability": "stable",
    "stability-flags": [],
    "prefer-stable": false,
    "prefer-lowest": false,
    "platform": [],
    "platform-dev": [],
    "plugin-api-version": "2.1.0"
}
